<?xml version="1.0" encoding="UTF-8" standalone="yes" ?>
<CodeBlocks_project_file>
	<FileVersion major="1" minor="6" />
	<Project>
		<Option title="hexdump" />
		<Option pch_mode="0" />
		<Option compiler="gcc" />
		<Build>
			<Target title="Debug">
				<Option output="bin/Debug/hexdump" prefix_auto="1" extension_auto="1" />
				<Option object_output="obj/Debug/" />
				<Option type="0" />
				<Option compiler="gcc" />
				<Option projectLinkerOptionsRelation="2" />
				<Compiler>
					<Add option="-m64" />
					<Add option="-g" />
					<Add option="`wx-config  --version=3.1 --static=no --unicode=yes --debug=yes --cflags`" />
					<Add option="-D_WIN32" />
					<Add directory="../lib" />
					<Add directory="../lib/wxWidgets/3.2.4/mingw_x64_windows/mswu" />
					<Add directory="../src" />
					<Add directory="../lib/wxWidgets/3.2.4/include" />
					<Add directory="../lib/curl/include" />
				</Compiler>
				<Linker>
					<Add option="-m64" />
					<Add directory="../lib" />
				</Linker>
			</Target>
			<Target title="Release">
				<Option output="bin/Release/hexdump" prefix_auto="1" extension_auto="1" />
				<Option object_output="obj/Release/" />
				<Option type="0" />
				<Option compiler="gcc" />
				<Option projectLinkerOptionsRelation="2" />
				<Compiler>
					<Add option="-O2" />
					<Add directory="include" />
					<Add directory="./" />
					<Add option="`wx-config  --version=3.1 --static=no --unicode=yes --debug=no --cflags`" />
				</Compiler>
				<Linker>
					<Add option="-s" />
					<Add option="`wx-config  --version=3.1 --static=no --unicode=yes --debug=no --libs`" />
				</Linker>
			</Target>
		</Build>
		<Compiler>
			<Add option="-Wall" />
			<Add option="-std=c11" />
			<Add option="-m64" />
			<Add option="-g" />
			<Add option="-DWX_PRECOMP" />
		</Compiler>
		<Linker>
			<Add option="-lpthread" />
			<Add library="../lib/curl/x86_64_windows/libbrotlicommon.a" />
			<Add library="../lib/curl/x86_64_windows/libbrotlidec.a" />
			<Add library="../lib/curl/x86_64_windows/libcrypto.a" />
			<Add library="../lib/curl/x86_64_windows/libcurl.a" />
			<Add library="../lib/curl/x86_64_windows/libcurl.dll.a" />
			<Add library="../lib/curl/x86_64_windows/libnghttp2.a" />
			<Add library="../lib/curl/x86_64_windows/libnghttp3.a" />
			<Add library="../lib/curl/x86_64_windows/libngtcp2.a" />
			<Add library="../lib/curl/x86_64_windows/libngtcp2_crypto_quictls.a" />
			<Add library="../lib/curl/x86_64_windows/libpsl.a" />
			<Add library="../lib/curl/x86_64_windows/libssh2.a" />
			<Add library="../lib/curl/x86_64_windows/libssl.a" />
			<Add library="../lib/curl/x86_64_windows/libz.a" />
			<Add library="../lib/curl/x86_64_windows/libzstd.a" />
			<Add library="../lib/wxWidgets/3.2.4/mingw_x64_windows/libwxbase32u.a" />
			<Add library="../lib/wxWidgets/3.2.4/mingw_x64_windows/libwxbase32u_net.a" />
			<Add library="../lib/wxWidgets/3.2.4/mingw_x64_windows/libwxbase32u_xml.a" />
			<Add library="../lib/wxWidgets/3.2.4/mingw_x64_windows/libwxexpat.a" />
			<Add library="../lib/wxWidgets/3.2.4/mingw_x64_windows/libwxjpeg.a" />
			<Add library="../lib/wxWidgets/3.2.4/mingw_x64_windows/libwxmsw32u_adv.a" />
			<Add library="../lib/wxWidgets/3.2.4/mingw_x64_windows/libwxmsw32u_aui.a" />
			<Add library="../lib/wxWidgets/3.2.4/mingw_x64_windows/libwxmsw32u_core.a" />
			<Add library="../lib/wxWidgets/3.2.4/mingw_x64_windows/libwxmsw32u_gl.a" />
			<Add library="../lib/wxWidgets/3.2.4/mingw_x64_windows/libwxmsw32u_html.a" />
			<Add library="../lib/wxWidgets/3.2.4/mingw_x64_windows/libwxmsw32u_media.a" />
			<Add library="../lib/wxWidgets/3.2.4/mingw_x64_windows/libwxmsw32u_propgrid.a" />
			<Add library="../lib/wxWidgets/3.2.4/mingw_x64_windows/libwxmsw32u_ribbon.a" />
			<Add library="../lib/wxWidgets/3.2.4/mingw_x64_windows/libwxmsw32u_richtext.a" />
			<Add library="../lib/wxWidgets/3.2.4/mingw_x64_windows/libwxmsw32u_stc.a" />
			<Add library="../lib/wxWidgets/3.2.4/mingw_x64_windows/libwxmsw32u_webview.a" />
			<Add library="../lib/wxWidgets/3.2.4/mingw_x64_windows/libwxmsw32u_xrc.a" />
			<Add library="../lib/wxWidgets/3.2.4/mingw_x64_windows/libwxpng.a" />
			<Add library="../lib/wxWidgets/3.2.4/mingw_x64_windows/libwxregexu.a" />
			<Add library="../lib/wxWidgets/3.2.4/mingw_x64_windows/libwxscintilla.a" />
			<Add library="../lib/wxWidgets/3.2.4/mingw_x64_windows/libwxtiff.a" />
			<Add library="../lib/wxWidgets/3.2.4/mingw_x64_windows/libwxzlib.a" />
		</Linker>
		<Unit filename="HexDumpApp.cpp" />
		<Unit filename="HexDumpApp.h" />
		<Unit filename="HexDumpDialog.cpp" />
		<Unit filename="HexDumpDialog.h" />
		<Unit filename="HexDumpPanel.cpp" />
		<Unit filename="HexDumpPanel.h" />
		<Unit filename="PaddingTextCtrl.cpp" />
		<Unit filename="PaddingTextCtrl.h" />
		<Unit filename="TagWindow.cpp" />
		<Unit filename="TagWindow.h" />
		<Unit filename="WxWizDialog.fbp" />
		<Unit filename="events/TagChangedEvent.cpp" />
		<Unit filename="events/TagChangedEvent.h" />
		<Unit filename="util/Color.h" />
		<Unit filename="util/ConsoleTable.cpp" />
		<Unit filename="util/ConsoleTable.h" />
		<Unit filename="util/DateTime.cpp" />
		<Unit filename="util/DateTime.h" />
		<Unit filename="util/EasyLogger.cpp" />
		<Unit filename="util/EasyLogger.h" />
		<Unit filename="util/FileTool.cpp" />
		<Unit filename="util/FileTool.h" />
		<Unit filename="util/Global.cpp" />
		<Unit filename="util/Global.h" />
		<Unit filename="util/Macro.h" />
		<Unit filename="util/RichResult.cpp" />
		<Unit filename="util/RichResult.h" />
		<Unit filename="util/Timer.cpp" />
		<Unit filename="util/Timer.h" />
		<Unit filename="wx_pch.h">
			<Option compile="1" />
			<Option weight="0" />
		</Unit>
		<Extensions />
	</Project>
</CodeBlocks_project_file>
